// !$*UTF8*$!
{
	archiveVersion = 1;
	classes = {
	};
	objectVersion = 48;
	objects = {

/* Begin PBXBuildFile section */
		21F8E298DCE7DCD331AEECBF /* Pods_ProtoBuf.framework in Frameworks */ = {isa = PBXBuildFile; fileRef = E6A333A9185F2986C95EAE50 /* Pods_ProtoBuf.framework */; };
		7784F54B2089D26C00FE01C1 /* Person.pb.m in Sources */ = {isa = PBXBuildFile; fileRef = 7784F5492089D26B00FE01C1 /* Person.pb.m */; };
		7784F5512089DE5F00FE01C1 /* ClassMethod.m in Sources */ = {isa = PBXBuildFile; fileRef = 7784F5502089DE5F00FE01C1 /* ClassMethod.m */; };
		7784F5542089DF5D00FE01C1 /* MyClass.pb.m in Sources */ = {isa = PBXBuildFile; fileRef = 7784F5532089DF5D00FE01C1 /* MyClass.pb.m */; };
		7784F556208DC3E800FE01C1 /* person.proto in Resources */ = {isa = PBXBuildFile; fileRef = 7784F555208DC3E800FE01C1 /* person.proto */; };
		7784F558208DC3EF00FE01C1 /* myClass.proto in Resources */ = {isa = PBXBuildFile; fileRef = 7784F557208DC3EF00FE01C1 /* myClass.proto */; };
		77D2F0F82057AB6C004E8E2E /* AppDelegate.m in Sources */ = {isa = PBXBuildFile; fileRef = 77D2F0F72057AB6C004E8E2E /* AppDelegate.m */; };
		77D2F0FB2057AB6C004E8E2E /* ViewController.m in Sources */ = {isa = PBXBuildFile; fileRef = 77D2F0FA2057AB6C004E8E2E /* ViewController.m */; };
		77D2F0FE2057AB6C004E8E2E /* Main.storyboard in Resources */ = {isa = PBXBuildFile; fileRef = 77D2F0FC2057AB6C004E8E2E /* Main.storyboard */; };
		77D2F1002057AB6C004E8E2E /* Assets.xcassets in Resources */ = {isa = PBXBuildFile; fileRef = 77D2F0FF2057AB6C004E8E2E /* Assets.xcassets */; };
		77D2F1032057AB6C004E8E2E /* LaunchScreen.storyboard in Resources */ = {isa = PBXBuildFile; fileRef = 77D2F1012057AB6C004E8E2E /* LaunchScreen.storyboard */; };
		77D2F1062057AB6C004E8E2E /* main.m in Sources */ = {isa = PBXBuildFile; fileRef = 77D2F1052057AB6C004E8E2E /* main.m */; };
		77D2F1102057C44F004E8E2E /* PersonMethod.m in Sources */ = {isa = PBXBuildFile; fileRef = 77D2F10F2057C44F004E8E2E /* PersonMethod.m */; };
/* End PBXBuildFile section */

/* Begin PBXFileReference section */
		2EA534E467F9BC65CF6F1A3F /* Pods-ProtoBuf.release.xcconfig */ = {isa = PBXFileReference; includeInIndex = 1; lastKnownFileType = text.xcconfig; name = "Pods-ProtoBuf.release.xcconfig"; path = "Pods/Target Support Files/Pods-ProtoBuf/Pods-ProtoBuf.release.xcconfig"; sourceTree = "<group>"; };
		58368F0413F97FA9BFD95B5A /* Pods-ProtoBuf.debug.xcconfig */ = {isa = PBXFileReference; includeInIndex = 1; lastKnownFileType = text.xcconfig; name = "Pods-ProtoBuf.debug.xcconfig"; path = "Pods/Target Support Files/Pods-ProtoBuf/Pods-ProtoBuf.debug.xcconfig"; sourceTree = "<group>"; };
		7784F5492089D26B00FE01C1 /* Person.pb.m */ = {isa = PBXFileReference; fileEncoding = 4; lastKnownFileType = sourcecode.c.objc; name = Person.pb.m; path = ../../../../../ProtoBuf/Person.pb.m; sourceTree = "<group>"; };
		7784F54A2089D26B00FE01C1 /* Person.pb.h */ = {isa = PBXFileReference; fileEncoding = 4; lastKnownFileType = sourcecode.c.h; name = Person.pb.h; path = ../../../../../ProtoBuf/Person.pb.h; sourceTree = "<group>"; };
		7784F54F2089DE5F00FE01C1 /* ClassMethod.h */ = {isa = PBXFileReference; lastKnownFileType = sourcecode.c.h; path = ClassMethod.h; sourceTree = "<group>"; };
		7784F5502089DE5F00FE01C1 /* ClassMethod.m */ = {isa = PBXFileReference; lastKnownFileType = sourcecode.c.objc; path = ClassMethod.m; sourceTree = "<group>"; };
		7784F5522089DF5C00FE01C1 /* MyClass.pb.h */ = {isa = PBXFileReference; fileEncoding = 4; lastKnownFileType = sourcecode.c.h; path = MyClass.pb.h; sourceTree = "<group>"; };
		7784F5532089DF5D00FE01C1 /* MyClass.pb.m */ = {isa = PBXFileReference; fileEncoding = 4; lastKnownFileType = sourcecode.c.objc; path = MyClass.pb.m; sourceTree = "<group>"; };
		7784F555208DC3E800FE01C1 /* person.proto */ = {isa = PBXFileReference; fileEncoding = 4; lastKnownFileType = text; path = person.proto; sourceTree = "<group>"; };
		7784F557208DC3EF00FE01C1 /* myClass.proto */ = {isa = PBXFileReference; fileEncoding = 4; lastKnownFileType = text; path = myClass.proto; sourceTree = "<group>"; };
		77D2F0F32057AB6C004E8E2E /* ProtoBuf.app */ = {isa = PBXFileReference; explicitFileType = wrapper.application; includeInIndex = 0; path = ProtoBuf.app; sourceTree = BUILT_PRODUCTS_DIR; };
		77D2F0F62057AB6C004E8E2E /* AppDelegate.h */ = {isa = PBXFileReference; lastKnownFileType = sourcecode.c.h; path = AppDelegate.h; sourceTree = "<group>"; };
		77D2F0F72057AB6C004E8E2E /* AppDelegate.m */ = {isa = PBXFileReference; lastKnownFileType = sourcecode.c.objc; path = AppDelegate.m; sourceTree = "<group>"; };
		77D2F0F92057AB6C004E8E2E /* ViewController.h */ = {isa = PBXFileReference; lastKnownFileType = sourcecode.c.h; path = ViewController.h; sourceTree = "<group>"; };
		77D2F0FA2057AB6C004E8E2E /* ViewController.m */ = {isa = PBXFileReference; lastKnownFileType = sourcecode.c.objc; path = ViewController.m; sourceTree = "<group>"; };
		77D2F0FD2057AB6C004E8E2E /* Base */ = {isa = PBXFileReference; lastKnownFileType = file.storyboard; name = Base; path = Base.lproj/Main.storyboard; sourceTree = "<group>"; };
		77D2F0FF2057AB6C004E8E2E /* Assets.xcassets */ = {isa = PBXFileReference; lastKnownFileType = folder.assetcatalog; path = Assets.xcassets; sourceTree = "<group>"; };
		77D2F1022057AB6C004E8E2E /* Base */ = {isa = PBXFileReference; lastKnownFileType = file.storyboard; name = Base; path = Base.lproj/LaunchScreen.storyboard; sourceTree = "<group>"; };
		77D2F1042057AB6C004E8E2E /* Info.plist */ = {isa = PBXFileReference; lastKnownFileType = text.plist.xml; path = Info.plist; sourceTree = "<group>"; };
		77D2F1052057AB6C004E8E2E /* main.m */ = {isa = PBXFileReference; lastKnownFileType = sourcecode.c.objc; path = main.m; sourceTree = "<group>"; };
		77D2F10E2057C44F004E8E2E /* PersonMethod.h */ = {isa = PBXFileReference; lastKnownFileType = sourcecode.c.h; path = PersonMethod.h; sourceTree = "<group>"; };
		77D2F10F2057C44F004E8E2E /* PersonMethod.m */ = {isa = PBXFileReference; lastKnownFileType = sourcecode.c.objc; path = PersonMethod.m; sourceTree = "<group>"; };
		E6A333A9185F2986C95EAE50 /* Pods_ProtoBuf.framework */ = {isa = PBXFileReference; explicitFileType = wrapper.framework; includeInIndex = 0; path = Pods_ProtoBuf.framework; sourceTree = BUILT_PRODUCTS_DIR; };
/* End PBXFileReference section */

/* Begin PBXFrameworksBuildPhase section */
		77D2F0F02057AB6C004E8E2E /* Frameworks */ = {
			isa = PBXFrameworksBuildPhase;
			buildActionMask = 2147483647;
			files = (
				21F8E298DCE7DCD331AEECBF /* Pods_ProtoBuf.framework in Frameworks */,
			);
			runOnlyForDeploymentPostprocessing = 0;
		};
/* End PBXFrameworksBuildPhase section */

/* Begin PBXGroup section */
		359A457E4C6E2711F1920E8A /* Frameworks */ = {
			isa = PBXGroup;
			children = (
				E6A333A9185F2986C95EAE50 /* Pods_ProtoBuf.framework */,
			);
			name = Frameworks;
			sourceTree = "<group>";
		};
		77D2F0EA2057AB6C004E8E2E = {
			isa = PBXGroup;
			children = (
				77D2F0F52057AB6C004E8E2E /* ProtoBuf */,
				77D2F0F42057AB6C004E8E2E /* Products */,
				8C15BA576FEE911CD65D1DD6 /* Pods */,
				359A457E4C6E2711F1920E8A /* Frameworks */,
			);
			sourceTree = "<group>";
		};
		77D2F0F42057AB6C004E8E2E /* Products */ = {
			isa = PBXGroup;
			children = (
				77D2F0F32057AB6C004E8E2E /* ProtoBuf.app */,
			);
			name = Products;
			sourceTree = "<group>";
		};
		77D2F0F52057AB6C004E8E2E /* ProtoBuf */ = {
			isa = PBXGroup;
			children = (
				7784F555208DC3E800FE01C1 /* person.proto */,
				7784F54A2089D26B00FE01C1 /* Person.pb.h */,
				7784F5492089D26B00FE01C1 /* Person.pb.m */,
				7784F557208DC3EF00FE01C1 /* myClass.proto */,
				7784F5522089DF5C00FE01C1 /* MyClass.pb.h */,
				7784F5532089DF5D00FE01C1 /* MyClass.pb.m */,
				77D2F0F62057AB6C004E8E2E /* AppDelegate.h */,
				77D2F0F72057AB6C004E8E2E /* AppDelegate.m */,
				77D2F10E2057C44F004E8E2E /* PersonMethod.h */,
				77D2F10F2057C44F004E8E2E /* PersonMethod.m */,
				7784F54F2089DE5F00FE01C1 /* ClassMethod.h */,
				7784F5502089DE5F00FE01C1 /* ClassMethod.m */,
				77D2F0F92057AB6C004E8E2E /* ViewController.h */,
				77D2F0FA2057AB6C004E8E2E /* ViewController.m */,
				77D2F0FC2057AB6C004E8E2E /* Main.storyboard */,
				77D2F0FF2057AB6C004E8E2E /* Assets.xcassets */,
				77D2F1012057AB6C004E8E2E /* LaunchScreen.storyboard */,
				77D2F1042057AB6C004E8E2E /* Info.plist */,
				77D2F1052057AB6C004E8E2E /* main.m */,
			);
			path = ProtoBuf;
			sourceTree = "<group>";
		};
		8C15BA576FEE911CD65D1DD6 /* Pods */ = {
			isa = PBXGroup;
			children = (
				58368F0413F97FA9BFD95B5A /* Pods-ProtoBuf.debug.xcconfig */,
				2EA534E467F9BC65CF6F1A3F /* Pods-ProtoBuf.release.xcconfig */,
			);
			name = Pods;
			sourceTree = "<group>";
		};
/* End PBXGroup section */

/* Begin PBXNativeTarget section */
		77D2F0F22057AB6C004E8E2E /* ProtoBuf */ = {
			isa = PBXNativeTarget;
			buildConfigurationList = 77D2F1092057AB6C004E8E2E /* Build configuration list for PBXNativeTarget "ProtoBuf" */;
			buildPhases = (
				99593B6642D3FDA82FA0550F /* [CP] Check Pods Manifest.lock */,
				77D2F0EF2057AB6C004E8E2E /* Sources */,
				77D2F0F02057AB6C004E8E2E /* Frameworks */,
				77D2F0F12057AB6C004E8E2E /* Resources */,
				C53E174DB4E38BA131692EE4 /* [CP] Embed Pods Frameworks */,
				96E007D0B370346A9CBC1DC7 /* [CP] Copy Pods Resources */,
			);
			buildRules = (
			);
			dependencies = (
			);
			name = ProtoBuf;
			productName = ProtoBuf;
			productReference = 77D2F0F32057AB6C004E8E2E /* ProtoBuf.app */;
			productType = "com.apple.product-type.application";
		};
/* End PBXNativeTarget section */

/* Begin PBXProject section */
		77D2F0EB2057AB6C004E8E2E /* Project object */ = {
			isa = PBXProject;
			attributes = {
				LastUpgradeCheck = 0920;
				ORGANIZATIONNAME = com.clf;
				TargetAttributes = {
					77D2F0F22057AB6C004E8E2E = {
						CreatedOnToolsVersion = 9.2;
						ProvisioningStyle = Automatic;
					};
				};
			};
			buildConfigurationList = 77D2F0EE2057AB6C004E8E2E /* Build configuration list for PBXProject "ProtoBuf" */;
			compatibilityVersion = "Xcode 8.0";
			developmentRegion = en;
			hasScannedForEncodings = 0;
			knownRegions = (
				en,
				Base,
			);
			mainGroup = 77D2F0EA2057AB6C004E8E2E;
			productRefGroup = 77D2F0F42057AB6C004E8E2E /* Products */;
			projectDirPath = "";
			projectRoot = "";
			targets = (
				77D2F0F22057AB6C004E8E2E /* ProtoBuf */,
			);
		};
/* End PBXProject section */

/* Begin PBXResourcesBuildPhase section */
		77D2F0F12057AB6C004E8E2E /* Resources */ = {
			isa = PBXResourcesBuildPhase;
			buildActionMask = 2147483647;
			files = (
				7784F558208DC3EF00FE01C1 /* myClass.proto in Resources */,
				77D2F1032057AB6C004E8E2E /* LaunchScreen.storyboard in Resources */,
				7784F556208DC3E800FE01C1 /* person.proto in Resources */,
				77D2F1002057AB6C004E8E2E /* Assets.xcassets in Resources */,
				77D2F0FE2057AB6C004E8E2E /* Main.storyboard in Resources */,
			);
			runOnlyForDeploymentPostprocessing = 0;
		};
/* End PBXResourcesBuildPhase section */

/* Begin PBXShellScriptBuildPhase section */
		96E007D0B370346A9CBC1DC7 /* [CP] Copy Pods Resources */ = {
			isa = PBXShellScriptBuildPhase;
			buildActionMask = 2147483647;
			files = (
			);
			inputPaths = (
			);
			name = "[CP] Copy Pods Resources";
			outputPaths = (
			);
			runOnlyForDeploymentPostprocessing = 0;
			shellPath = /bin/sh;
			shellScript = "\"${SRCROOT}/Pods/Target Support Files/Pods-ProtoBuf/Pods-ProtoBuf-resources.sh\"\n";
			showEnvVarsInLog = 0;
		};
		99593B6642D3FDA82FA0550F /* [CP] Check Pods Manifest.lock */ = {
			isa = PBXShellScriptBuildPhase;
			buildActionMask = 2147483647;
			files = (
			);
			inputPaths = (
				"${PODS_PODFILE_DIR_PATH}/Podfile.lock",
				"${PODS_ROOT}/Manifest.lock",
			);
			name = "[CP] Check Pods Manifest.lock";
			outputPaths = (
				"$(DERIVED_FILE_DIR)/Pods-ProtoBuf-checkManifestLockResult.txt",
			);
			runOnlyForDeploymentPostprocessing = 0;
			shellPath = /bin/sh;
			shellScript = "diff \"${PODS_PODFILE_DIR_PATH}/Podfile.lock\" \"${PODS_ROOT}/Manifest.lock\" > /dev/null\nif [ $? != 0 ] ; then\n    # print error to STDERR\n    echo \"error: The sandbox is not in sync with the Podfile.lock. Run 'pod install' or update your CocoaPods installation.\" >&2\n    exit 1\nfi\n# This output is used by Xcode 'outputs' to avoid re-running this script phase.\necho \"SUCCESS\" > \"${SCRIPT_OUTPUT_FILE_0}\"\n";
			showEnvVarsInLog = 0;
		};
		C53E174DB4E38BA131692EE4 /* [CP] Embed Pods Frameworks */ = {
			isa = PBXShellScriptBuildPhase;
			buildActionMask = 2147483647;
			files = (
			);
			inputPaths = (
				"${SRCROOT}/Pods/Target Support Files/Pods-ProtoBuf/Pods-ProtoBuf-frameworks.sh",
				"${BUILT_PRODUCTS_DIR}/ProtocolBuffers/ProtocolBuffers.framework",
			);
			name = "[CP] Embed Pods Frameworks";
			outputPaths = (
				"${TARGET_BUILD_DIR}/${FRAMEWORKS_FOLDER_PATH}/ProtocolBuffers.framework",
			);
			runOnlyForDeploymentPostprocessing = 0;
			shellPath = /bin/sh;
			shellScript = "\"${SRCROOT}/Pods/Target Support Files/Pods-ProtoBuf/Pods-ProtoBuf-frameworks.sh\"\n";
			showEnvVarsInLog = 0;
		};
/* End PBXShellScriptBuildPhase section */

/* Begin PBXSourcesBuildPhase section */
		77D2F0EF2057AB6C004E8E2E /* Sources */ = {
			isa = PBXSourcesBuildPhase;
			buildActionMask = 2147483647;
			files = (
				77D2F1102057C44F004E8E2E /* PersonMethod.m in Sources */,
				77D2F0FB2057AB6C004E8E2E /* ViewController.m in Sources */,
				7784F5512089DE5F00FE01C1 /* ClassMethod.m in Sources */,
				7784F5542089DF5D00FE01C1 /* MyClass.pb.m in Sources */,
				77D2F1062057AB6C004E8E2E /* main.m in Sources */,
				77D2F0F82057AB6C004E8E2E /* AppDelegate.m in Sources */,
				7784F54B2089D26C00FE01C1 /* Person.pb.m in Sources */,
			);
			runOnlyForDeploymentPostprocessing = 0;
		};
/* End PBXSourcesBuildPhase section */

/* Begin PBXVariantGroup section */
		77D2F0FC2057AB6C004E8E2E /* Main.storyboard */ = {
			isa = PBXVariantGroup;
			children = (
				77D2F0FD2057AB6C004E8E2E /* Base */,
			);
			name = Main.storyboard;
			sourceTree = "<group>";
		};
		77D2F1012057AB6C004E8E2E /* LaunchScreen.storyboard */ = {
			isa = PBXVariantGroup;
			children = (
				77D2F1022057AB6C004E8E2E /* Base */,
			);
			name = LaunchScreen.storyboard;
			sourceTree = "<group>";
		};
/* End PBXVariantGroup section */

/* Begin XCBuildConfiguration section */
		77D2F1072057AB6C004E8E2E /* Debug */ = {
			isa = XCBuildConfiguration;
			buildSettings = {
				ALWAYS_SEARCH_USER_PATHS = NO;
				CLANG_ANALYZER_NONNULL = YES;
				CLANG_ANALYZER_NUMBER_OBJECT_CONVERSION = YES_AGGRESSIVE;
				CLANG_CXX_LANGUAGE_STANDARD = "gnu++14";
				CLANG_CXX_LIBRARY = "libc++";
				CLANG_ENABLE_MODULES = YES;
				CLANG_ENABLE_OBJC_ARC = YES;
				CLANG_WARN_BLOCK_CAPTURE_AUTORELEASING = YES;
				CLANG_WARN_BOOL_CONVERSION = YES;
				CLANG_WARN_COMMA = YES;
				CLANG_WARN_CONSTANT_CONVERSION = YES;
				CLANG_WARN_DIRECT_OBJC_ISA_USAGE = YES_ERROR;
				CLANG_WARN_DOCUMENTATION_COMMENTS = YES;
				CLANG_WARN_EMPTY_BODY = YES;
				CLANG_WARN_ENUM_CONVERSION = YES;
				CLANG_WARN_INFINITE_RECURSION = YES;
				CLANG_WARN_INT_CONVERSION = YES;
				CLANG_WARN_NON_LITERAL_NULL_CONVERSION = YES;
				CLANG_WARN_OBJC_LITERAL_CONVERSION = YES;
				CLANG_WARN_OBJC_ROOT_CLASS = YES_ERROR;
				CLANG_WARN_RANGE_LOOP_ANALYSIS = YES;
				CLANG_WARN_STRICT_PROTOTYPES = YES;
				CLANG_WARN_SUSPICIOUS_MOVE = YES;
				CLANG_WARN_UNGUARDED_AVAILABILITY = YES_AGGRESSIVE;
				CLANG_WARN_UNREACHABLE_CODE = YES;
				CLANG_WARN__DUPLICATE_METHOD_MATCH = YES;
				CODE_SIGN_IDENTITY = "iPhone Developer";
				COPY_PHASE_STRIP = NO;
				DEBUG_INFORMATION_FORMAT = dwarf;
				ENABLE_STRICT_OBJC_MSGSEND = YES;
				ENABLE_TESTABILITY = YES;
				GCC_C_LANGUAGE_STANDARD = gnu11;
				GCC_DYNAMIC_NO_PIC = NO;
				GCC_NO_COMMON_BLOCKS = YES;
				GCC_OPTIMIZATION_LEVEL = 0;
				GCC_PREPROCESSOR_DEFINITIONS = (
					"DEBUG=1",
					"$(inherited)",
				);
				GCC_WARN_64_TO_32_BIT_CONVERSION = YES;
				GCC_WARN_ABOUT_RETURN_TYPE = YES_ERROR;
				GCC_WARN_UNDECLARED_SELECTOR = YES;
				GCC_WARN_UNINITIALIZED_AUTOS = YES_AGGRESSIVE;
				GCC_WARN_UNUSED_FUNCTION = YES;
				GCC_WARN_UNUSED_VARIABLE = YES;
				IPHONEOS_DEPLOYMENT_TARGET = 11.2;
				MTL_ENABLE_DEBUG_INFO = YES;
				ONLY_ACTIVE_ARCH = YES;
				SDKROOT = iphoneos;
			};
			name = Debug;
		};
		77D2F1082057AB6C004E8E2E /* Release */ = {
			isa = XCBuildConfiguration;
			buildSettings = {
				ALWAYS_SEARCH_USER_PATHS = NO;
				CLANG_ANALYZER_NONNULL = YES;
				CLANG_ANALYZER_NUMBER_OBJECT_CONVERSION = YES_AGGRESSIVE;
				CLANG_CXX_LANGUAGE_STANDARD = "gnu++14";
				CLANG_CXX_LIBRARY = "libc++";
				CLANG_ENABLE_MODULES = YES;
				CLANG_ENABLE_OBJC_ARC = YES;
				CLANG_WARN_BLOCK_CAPTURE_AUTORELEASING = YES;
				CLANG_WARN_BOOL_CONVERSION = YES;
				CLANG_WARN_COMMA = YES;
				CLANG_WARN_CONSTANT_CONVERSION = YES;
				CLANG_WARN_DIRECT_OBJC_ISA_USAGE = YES_ERROR;
				CLANG_WARN_DOCUMENTATION_COMMENTS = YES;
				CLANG_WARN_EMPTY_BODY = YES;
				CLANG_WARN_ENUM_CONVERSION = YES;
				CLANG_WARN_INFINITE_RECURSION = YES;
				CLANG_WARN_INT_CONVERSION = YES;
				CLANG_WARN_NON_LITERAL_NULL_CONVERSION = YES;
				CLANG_WARN_OBJC_LITERAL_CONVERSION = YES;
				CLANG_WARN_OBJC_ROOT_CLASS = YES_ERROR;
				CLANG_WARN_RANGE_LOOP_ANALYSIS = YES;
				CLANG_WARN_STRICT_PROTOTYPES = YES;
				CLANG_WARN_SUSPICIOUS_MOVE = YES;
				CLANG_WARN_UNGUARDED_AVAILABILITY = YES_AGGRESSIVE;
				CLANG_WARN_UNREACHABLE_CODE = YES;
				CLANG_WARN__DUPLICATE_METHOD_MATCH = YES;
				CODE_SIGN_IDENTITY = "iPhone Developer";
				COPY_PHASE_STRIP = NO;
				DEBUG_INFORMATION_FORMAT = "dwarf-with-dsym";
				ENABLE_NS_ASSERTIONS = NO;
				ENABLE_STRICT_OBJC_MSGSEND = YES;
				GCC_C_LANGUAGE_STANDARD = gnu11;
				GCC_NO_COMMON_BLOCKS = YES;
				GCC_WARN_64_TO_32_BIT_CONVERSION = YES;
				GCC_WARN_ABOUT_RETURN_TYPE = YES_ERROR;
				GCC_WARN_UNDECLARED_SELECTOR = YES;
				GCC_WARN_UNINITIALIZED_AUTOS = YES_AGGRESSIVE;
				GCC_WARN_UNUSED_FUNCTION = YES;
				GCC_WARN_UNUSED_VARIABLE = YES;
				IPHONEOS_DEPLOYMENT_TARGET = 11.2;
				MTL_ENABLE_DEBUG_INFO = NO;
				SDKROOT = iphoneos;
				VALIDATE_PRODUCT = YES;
			};
			name = Release;
		};
		77D2F10A2057AB6C004E8E2E /* Debug */ = {
			isa = XCBuildConfiguration;
			baseConfigurationReference = 58368F0413F97FA9BFD95B5A /* Pods-ProtoBuf.debug.xcconfig */;
			buildSettings = {
				ASSETCATALOG_COMPILER_APPICON_NAME = AppIcon;
				CODE_SIGN_STYLE = Automatic;
				DEVELOPMENT_TEAM = AULHABZ7Y3;
				HEADER_SEARCH_PATHS = /usr/local/include/google/protobuf;
				INFOPLIST_FILE = ProtoBuf/Info.plist;
				IPHONEOS_DEPLOYMENT_TARGET = 8.0;
				LD_RUNPATH_SEARCH_PATHS = "$(inherited) @executable_path/Frameworks";
				LIBRARY_SEARCH_PATHS = (
					"$(inherited)",
					"$(PROJECT_DIR)",
				);
				PRODUCT_BUNDLE_IDENTIFIER = clf.ProtoBuf;
				PRODUCT_NAME = "$(TARGET_NAME)";
				TARGETED_DEVICE_FAMILY = "1,2";
			};
			name = Debug;
		};
		77D2F10B2057AB6C004E8E2E /* Release */ = {
			isa = XCBuildConfiguration;
			baseConfigurationReference = 2EA534E467F9BC65CF6F1A3F /* Pods-ProtoBuf.release.xcconfig */;
			buildSettings = {
				ASSETCATALOG_COMPILER_APPICON_NAME = AppIcon;
				CODE_SIGN_STYLE = Automatic;
				DEVELOPMENT_TEAM = AULHABZ7Y3;
				HEADER_SEARCH_PATHS = /usr/local/include/google/protobuf;
				INFOPLIST_FILE = ProtoBuf/Info.plist;
				IPHONEOS_DEPLOYMENT_TARGET = 8.0;
				LD_RUNPATH_SEARCH_PATHS = "$(inherited) @executable_path/Frameworks";
				LIBRARY_SEARCH_PATHS = (
					"$(inherited)",
					"$(PROJECT_DIR)",
				);
				PRODUCT_BUNDLE_IDENTIFIER = clf.ProtoBuf;
				PRODUCT_NAME = "$(TARGET_NAME)";
				TARGETED_DEVICE_FAMILY = "1,2";
			};
			name = Release;
		};
/* End XCBuildConfiguration section */

/* Begin XCConfigurationList section */
		77D2F0EE2057AB6C004E8E2E /* Build configuration list for PBXProject "ProtoBuf" */ = {
			isa = XCConfigurationList;
			buildConfigurations = (
				77D2F1072057AB6C004E8E2E /* Debug */,
				77D2F1082057AB6C004E8E2E /* Release */,
			);
			defaultConfigurationIsVisible = 0;
			defaultConfigurationName = Release;
		};
		77D2F1092057AB6C004E8E2E /* Build configuration list for PBXNativeTarget "ProtoBuf" */ = {
			isa = XCConfigurationList;
			buildConfigurations = (
				77D2F10A2057AB6C004E8E2E /* Debug */,
				77D2F10B2057AB6C004E8E2E /* Release */,
			);
			defaultConfigurationIsVisible = 0;
			defaultConfigurationName = Release;
		};
/* End XCConfigurationList section */
	};
	rootObject = 77D2F0EB2057AB6C004E8E2E /* Project object */;
}
